
Microsoft Visual Studio Solution File, Format Version 12.00
# Visual Studio 2012
Project("{FAE04EC0-301F-11D3-BF4B-00C04F79EFBC}") = "WinSignalr.Server", "WinSignalr.Server\WinSignalr.Server.csproj", "{CA49D16F-4ADD-444B-96C9-432F3EF36273}"
EndProject
Project("{FAE04EC0-301F-11D3-BF4B-00C04F79EFBC}") = "WinSignalr.Client", "WinSignalr.Client\WinSignalr.Client.csproj", "{2CD7DA99-0177-40CA-9748-F878C4FA6459}"
EndProject
Global
	GlobalSection(SolutionConfigurationPlatforms) = preSolution
		Debug|Any CPU = Debug|Any CPU
		Release|Any CPU = Release|Any CPU
	EndGlobalSection
	GlobalSection(ProjectConfigurationPlatforms) = postSolution
		{CA49D16F-4ADD-444B-96C9-432F3EF36273}.Debug|Any CPU.ActiveCfg = Debug|Any CPU
		{CA49D16F-4ADD-444B-96C9-432F3EF36273}.Debug|Any CPU.Build.0 = Debug|Any CPU
		{CA49D16F-4ADD-444B-96C9-432F3EF36273}.Release|Any CPU.ActiveCfg = Release|Any CPU
		{CA49D16F-4ADD-444B-96C9-432F3EF36273}.Release|Any CPU.Build.0 = Release|Any CPU
		{2CD7DA99-0177-40CA-9748-F878C4FA6459}.Debug|Any CPU.ActiveCfg = Debug|Any CPU
		{2CD7DA99-0177-40CA-9748-F878C4FA6459}.Debug|Any CPU.Build.0 = Debug|Any CPU
		{2CD7DA99-0177-40CA-9748-F878C4FA6459}.Release|Any CPU.ActiveCfg = Release|Any CPU
		{2CD7DA99-0177-40CA-9748-F878C4FA6459}.Release|Any CPU.Build.0 = Release|Any CPU
	EndGlobalSection
	GlobalSection(SolutionProperties) = preSolution
		HideSolutionNode = FALSE
	EndGlobalSection
EndGlobal
